
Microsoft Visual Studio Solution File, Format Version 11.00
# Visual Basic Express 2010
Project("{F184B08F-C81C-45F6-A57F-5ABD9991F28F}") = "クラスとメンバ", "クラスとメンバ\クラスとメンバ.vbproj", "{AFEDA846-754C-4903-BD6F-930B03352E53}"
EndProject
Global
	GlobalSection(SolutionConfigurationPlatforms) = preSolution
		Debug|x86 = Debug|x86
		Release|x86 = Release|x86
	EndGlobalSection
	GlobalSection(ProjectConfigurationPlatforms) = postSolution
		{AFEDA846-754C-4903-BD6F-930B03352E53}.Debug|x86.ActiveCfg = Debug|x86
		{AFEDA846-754C-4903-BD6F-930B03352E53}.Debug|x86.Build.0 = Debug|x86
		{AFEDA846-754C-4903-BD6F-930B03352E53}.Release|x86.ActiveCfg = Release|x86
		{AFEDA846-754C-4903-BD6F-930B03352E53}.Release|x86.Build.0 = Release|x86
	EndGlobalSection
	GlobalSection(SolutionProperties) = preSolution
		HideSolutionNode = FALSE
	EndGlobalSection
EndGlobal
