
Microsoft Visual Studio Solution File, Format Version 11.00
# Visual Basic Express 2010
Project("{F184B08F-C81C-45F6-A57F-5ABD9991F28F}") = "数値型と四則演算", "数値型と四則演算\数値型と四則演算.vbproj", "{6FD2D395-ED7C-4D8D-B2DF-C5541E1990C8}"
EndProject
Global
	GlobalSection(SolutionConfigurationPlatforms) = preSolution
		Debug|x86 = Debug|x86
		Release|x86 = Release|x86
	EndGlobalSection
	GlobalSection(ProjectConfigurationPlatforms) = postSolution
		{6FD2D395-ED7C-4D8D-B2DF-C5541E1990C8}.Debug|x86.ActiveCfg = Debug|x86
		{6FD2D395-ED7C-4D8D-B2DF-C5541E1990C8}.Debug|x86.Build.0 = Debug|x86
		{6FD2D395-ED7C-4D8D-B2DF-C5541E1990C8}.Release|x86.ActiveCfg = Release|x86
		{6FD2D395-ED7C-4D8D-B2DF-C5541E1990C8}.Release|x86.Build.0 = Release|x86
	EndGlobalSection
	GlobalSection(SolutionProperties) = preSolution
		HideSolutionNode = FALSE
	EndGlobalSection
EndGlobal
